PODS:
  - Alamofire (4.9.1)
  - libwebp (1.0.3):
    - libwebp/demux (= 1.0.3)
    - libwebp/mux (= 1.0.3)
    - libwebp/webp (= 1.0.3)
  - libwebp/demux (1.0.3):
    - libwebp/webp
  - libwebp/mux (1.0.3):
    - libwebp/demux
  - libwebp/webp (1.0.3)
  - ReachabilitySwift (5.0.0)
  - SDWebImage/Core (4.4.7)
  - SDWebImage/WebP (4.4.7):
    - libwebp (< 2.0, >= 0.5)
    - SDWebImage/Core
  - SwiftyJSON (4.3.0)

DEPENDENCIES:
  - Alamofire (~> 4.7)
  - ReachabilitySwift
  - SDWebImage/WebP
  - SwiftyJSON (~> 4.0)

SPEC REPOS:
  trunk:
    - Alamofire
    - libwebp
    - ReachabilitySwift
    - SDWebImage
    - SwiftyJSON

SPEC CHECKSUMS:
  Alamofire: 85e8a02c69d6020a0d734f6054870d7ecb75cf18
  libwebp: 057912d6d0abfb6357d8bb05c0ea470301f5d61e
  ReachabilitySwift: 985039c6f7b23a1da463388634119492ff86c825
  SDWebImage: c10d14a8883ebd89664f02a422006f66a85c0c5d
  SwiftyJSON: 6faa0040f8b59dead0ee07436cbf76b73c08fd08

PODFILE CHECKSUM: f62e8c855e4732bc42c452e5789f327c49526d1a

COCOAPODS: 1.9.0
